<?xml version="1.0" encoding="utf-8"?>
<Project ToolsVersion="4.0" xmlns="http://schemas.microsoft.com/developer/msbuild/2003">
  <ItemGroup>
    <Filter Include="Source Files">
      <UniqueIdentifier>{4FC737F1-C7A5-4376-A066-2A32D752A2FF}</UniqueIdentifier>
      <Extensions>cpp;c;cc;cxx;c++;cppm;ixx;def;odl;idl;hpj;bat;asm;asmx</Extensions>
    </Filter>
    <Filter Include="Header Files">
      <UniqueIdentifier>{93995380-89BD-4b04-88EB-625FBE52EBFB}</UniqueIdentifier>
      <Extensions>h;hh;hpp;hxx;h++;hm;inl;inc;ipp;xsd</Extensions>
    </Filter>
    <Filter Include="Resource Files">
      <UniqueIdentifier>{67DA6AB6-F800-4c08-8B7A-83BB121AAD01}</UniqueIdentifier>
      <Extensions>rc;ico;cur;bmp;dlg;rc2;rct;bin;rgs;gif;jpg;jpeg;jpe;resx;tiff;tif;png;wav;mfcribbon-ms</Extensions>
    </Filter>
    <Filter Include="Header Files\jeffObjects">
      <UniqueIdentifier>{5bdf3bac-7f75-4b98-a20d-5be3bca87e7b}</UniqueIdentifier>
    </Filter>
  </ItemGroup>
  <ItemGroup>
    <ClInclude Include="framework.h">
      <Filter>Header Files</Filter>
    </ClInclude>
    <ClInclude Include="targetver.h">
      <Filter>Header Files</Filter>
    </ClInclude>
    <ClInclude Include="Resource.h">
      <Filter>Header Files</Filter>
    </ClInclude>
    <ClInclude Include="jeffEngine.h">
      <Filter>Header Files</Filter>
    </ClInclude>
    <ClInclude Include="jeffGraphics.h">
      <Filter>Header Files</Filter>
    </ClInclude>
    <ClInclude Include="jeffMesh.h">
      <Filter>Header Files</Filter>
    </ClInclude>
    <ClInclude Include="jeffHelper.h">
      <Filter>Header Files</Filter>
    </ClInclude>
    <ClInclude Include="jeffInput.h">
      <Filter>Header Files</Filter>
    </ClInclude>
    <ClInclude Include="jeffManager.h">
      <Filter>Header Files</Filter>
    </ClInclude>
    <ClInclude Include="jeffAudio.h">
      <Filter>Header Files</Filter>
    </ClInclude>
    <ClInclude Include="jeffNetworking.h">
      <Filter>Header Files</Filter>
    </ClInclude>
    <ClInclude Include="jeffScene.h">
      <Filter>Header Files</Filter>
    </ClInclude>
    <ClInclude Include="jeffCamera.h">
      <Filter>Header Files\jeffObjects</Filter>
    </ClInclude>
    <ClInclude Include="jeffLight.h">
      <Filter>Header Files\jeffObjects</Filter>
    </ClInclude>
    <ClInclude Include="jeffLightDirectional.h">
      <Filter>Header Files\jeffObjects</Filter>
    </ClInclude>
    <ClInclude Include="jeffLightPoint.h">
      <Filter>Header Files\jeffObjects</Filter>
    </ClInclude>
    <ClInclude Include="jeffModel.h">
      <Filter>Header Files\jeffObjects</Filter>
    </ClInclude>
    <ClInclude Include="jeffObject.h">
      <Filter>Header Files\jeffObjects</Filter>
    </ClInclude>
  </ItemGroup>
  <ItemGroup>
    <ClCompile Include="jeffEngine.cpp">
      <Filter>Source Files</Filter>
    </ClCompile>
    <ClCompile Include="jeffGraphics.cpp">
      <Filter>Source Files</Filter>
    </ClCompile>
    <ClCompile Include="jeffManager.cpp">
      <Filter>Source Files</Filter>
    </ClCompile>
    <ClCompile Include="jeffMesh.cpp">
      <Filter>Source Files</Filter>
    </ClCompile>
    <ClCompile Include="jeffModel.cpp">
      <Filter>Source Files</Filter>
    </ClCompile>
    <ClCompile Include="jeffAudio.cpp">
      <Filter>Source Files</Filter>
    </ClCompile>
    <ClCompile Include="jeffInput.cpp">
      <Filter>Source Files</Filter>
    </ClCompile>
  </ItemGroup>
  <ItemGroup>
    <ResourceCompile Include="jeffEngine.rc">
      <Filter>Resource Files</Filter>
    </ResourceCompile>
  </ItemGroup>
  <ItemGroup>
    <Image Include="small.ico">
      <Filter>Resource Files</Filter>
    </Image>
    <Image Include="jeffEngine.ico">
      <Filter>Resource Files</Filter>
    </Image>
  </ItemGroup>
  <ItemGroup>
    <FxCompile Include="jeffVertexShader.hlsl">
      <Filter>Source Files</Filter>
    </FxCompile>
    <FxCompile Include="jeffPixelShader.hlsl">
      <Filter>Source Files</Filter>
    </FxCompile>
  </ItemGroup>
</Project>